
Microsoft Visual Studio Solution File, Format Version 12.00
# Visual Studio Version 16
VisualStudioVersion = 16.0.29503.13
MinimumVisualStudioVersion = 10.0.40219.1
Project("{FAE04EC0-301F-11D3-BF4B-00C04F79EFBC}") = "EternityRP", "EternityRP\EternityRP.csproj", "{B8B20C10-D945-43D7-AEB5-EB8B69DE197A}"
EndProject
Global
	GlobalSection(SolutionConfigurationPlatforms) = preSolution
		Debug|Any CPU = Debug|Any CPU
		Release|Any CPU = Release|Any CPU
	EndGlobalSection
	GlobalSection(ProjectConfigurationPlatforms) = postSolution
		{B8B20C10-D945-43D7-AEB5-EB8B69DE197A}.Debug|Any CPU.ActiveCfg = Debug|Any CPU
		{B8B20C10-D945-43D7-AEB5-EB8B69DE197A}.Debug|Any CPU.Build.0 = Debug|Any CPU
		{B8B20C10-D945-43D7-AEB5-EB8B69DE197A}.Release|Any CPU.ActiveCfg = Release|Any CPU
		{B8B20C10-D945-43D7-AEB5-EB8B69DE197A}.Release|Any CPU.Build.0 = Release|Any CPU
	EndGlobalSection
	GlobalSection(SolutionProperties) = preSolution
		HideSolutionNode = FALSE
	EndGlobalSection
	GlobalSection(ExtensibilityGlobals) = postSolution
		SolutionGuid = {2CF3723E-8BC6-4435-8F62-EAD38BE4D9FD}
	EndGlobalSection
EndGlobal
